
Microsoft Visual Studio Solution File, Format Version 12.00
# Visual Studio Version 17
VisualStudioVersion = 17.2.32505.173
MinimumVisualStudioVersion = 10.0.40219.1
Project("{FAE04EC0-301F-11D3-BF4B-00C04F79EFBC}") = "Colletta", "Colletta\Colletta.csproj", "{3674E4ED-F9B8-4E42-A710-AFBD1D3B47E8}"
EndProject
Global
	GlobalSection(SolutionConfigurationPlatforms) = preSolution
		Debug|Any CPU = Debug|Any CPU
		Release|Any CPU = Release|Any CPU
	EndGlobalSection
	GlobalSection(ProjectConfigurationPlatforms) = postSolution
		{3674E4ED-F9B8-4E42-A710-AFBD1D3B47E8}.Debug|Any CPU.ActiveCfg = Debug|Any CPU
		{3674E4ED-F9B8-4E42-A710-AFBD1D3B47E8}.Debug|Any CPU.Build.0 = Debug|Any CPU
		{3674E4ED-F9B8-4E42-A710-AFBD1D3B47E8}.Release|Any CPU.ActiveCfg = Release|Any CPU
		{3674E4ED-F9B8-4E42-A710-AFBD1D3B47E8}.Release|Any CPU.Build.0 = Release|Any CPU
	EndGlobalSection
	GlobalSection(SolutionProperties) = preSolution
		HideSolutionNode = FALSE
	EndGlobalSection
	GlobalSection(ExtensibilityGlobals) = postSolution
		SolutionGuid = {E185E5EC-FAED-4A42-963B-13E0B76266F9}
	EndGlobalSection
EndGlobal
